
Microsoft Visual Studio Solution File, Format Version 12.00
# Visual Studio Version 17
VisualStudioVersion = 17.1.32228.430
MinimumVisualStudioVersion = 10.0.40219.1
Project("{FAE04EC0-301F-11D3-BF4B-00C04F79EFBC}") = "ShopperAPi", "ShopperAPi\ShopperAPi.csproj", "{7BB59EB1-720B-41BB-AF2C-7691F9357BD0}"
EndProject
Global
	GlobalSection(SolutionConfigurationPlatforms) = preSolution
		Debug|Any CPU = Debug|Any CPU
		Release|Any CPU = Release|Any CPU
	EndGlobalSection
	GlobalSection(ProjectConfigurationPlatforms) = postSolution
		{7BB59EB1-720B-41BB-AF2C-7691F9357BD0}.Debug|Any CPU.ActiveCfg = Debug|Any CPU
		{7BB59EB1-720B-41BB-AF2C-7691F9357BD0}.Debug|Any CPU.Build.0 = Debug|Any CPU
		{7BB59EB1-720B-41BB-AF2C-7691F9357BD0}.Release|Any CPU.ActiveCfg = Release|Any CPU
		{7BB59EB1-720B-41BB-AF2C-7691F9357BD0}.Release|Any CPU.Build.0 = Release|Any CPU
	EndGlobalSection
	GlobalSection(SolutionProperties) = preSolution
		HideSolutionNode = FALSE
	EndGlobalSection
	GlobalSection(ExtensibilityGlobals) = postSolution
		SolutionGuid = {249624C3-E13D-4EEC-A180-331090107E2A}
	EndGlobalSection
EndGlobal
